
Microsoft Visual Studio Solution File, Format Version 12.00
# Visual Studio Version 17
VisualStudioVersion = 17.8.34330.188
MinimumVisualStudioVersion = 10.0.40219.1
Project("{9A19103F-16F7-4668-BE54-9A1E7A4F7556}") = "jquerypract", "jquerypract\jquerypract.csproj", "{415B0896-314E-4328-A62B-5386DA344C4E}"
EndProject
Global
	GlobalSection(SolutionConfigurationPlatforms) = preSolution
		Debug|Any CPU = Debug|Any CPU
		Release|Any CPU = Release|Any CPU
	EndGlobalSection
	GlobalSection(ProjectConfigurationPlatforms) = postSolution
		{415B0896-314E-4328-A62B-5386DA344C4E}.Debug|Any CPU.ActiveCfg = Debug|Any CPU
		{415B0896-314E-4328-A62B-5386DA344C4E}.Debug|Any CPU.Build.0 = Debug|Any CPU
		{415B0896-314E-4328-A62B-5386DA344C4E}.Release|Any CPU.ActiveCfg = Release|Any CPU
		{415B0896-314E-4328-A62B-5386DA344C4E}.Release|Any CPU.Build.0 = Release|Any CPU
	EndGlobalSection
	GlobalSection(SolutionProperties) = preSolution
		HideSolutionNode = FALSE
	EndGlobalSection
	GlobalSection(ExtensibilityGlobals) = postSolution
		SolutionGuid = {B4C7E121-3C5C-4C3A-85ED-018516CBB49B}
	EndGlobalSection
EndGlobal
